// !$*UTF8*$!
{
	archiveVersion = 1;
	classes = {
	};
	objectVersion = 56;
	objects = {

/* Begin PBXBuildFile section */
		EC2E69852C68C1DC00B1C729 /* TribeApp.swift in Sources */ = {isa = PBXBuildFile; fileRef = EC2E69842C68C1DC00B1C729 /* TribeApp.swift */; };
		EC2E69872C68C1DC00B1C729 /* ContentView.swift in Sources */ = {isa = PBXBuildFile; fileRef = EC2E69862C68C1DC00B1C729 /* ContentView.swift */; };
		EC2E69892C68C1DD00B1C729 /* Assets.xcassets in Resources */ = {isa = PBXBuildFile; fileRef = EC2E69882C68C1DD00B1C729 /* Assets.xcassets */; };
		EC2E698C2C68C1DD00B1C729 /* Preview Assets.xcassets in Resources */ = {isa = PBXBuildFile; fileRef = EC2E698B2C68C1DD00B1C729 /* Preview Assets.xcassets */; };
		EC2E69962C68C1DD00B1C729 /* TribeTests.swift in Sources */ = {isa = PBXBuildFile; fileRef = EC2E69952C68C1DD00B1C729 /* TribeTests.swift */; };
		EC56CBEA2C69433600D2E9F1 /* Lotus in Frameworks */ = {isa = PBXBuildFile; productRef = EC56CBE92C69433600D2E9F1 /* Lotus */; };
		EC56CBEC2C6943CD00D2E9F1 /* LoadingView.swift in Sources */ = {isa = PBXBuildFile; fileRef = EC56CBEB2C6943CD00D2E9F1 /* LoadingView.swift */; };
		EC56CBEE2C69464800D2E9F1 /* ImageView.swift in Sources */ = {isa = PBXBuildFile; fileRef = EC56CBED2C69464800D2E9F1 /* ImageView.swift */; };
		EC56CBF02C69487D00D2E9F1 /* DownloadFailedView.swift in Sources */ = {isa = PBXBuildFile; fileRef = EC56CBEF2C69487D00D2E9F1 /* DownloadFailedView.swift */; };
		EC56CBF22C69497C00D2E9F1 /* ImageDownloadFeature.swift in Sources */ = {isa = PBXBuildFile; fileRef = EC56CBF12C69497C00D2E9F1 /* ImageDownloadFeature.swift */; };
		EC56CBF42C694A0E00D2E9F1 /* ImageDownloadPresenter.swift in Sources */ = {isa = PBXBuildFile; fileRef = EC56CBF32C694A0E00D2E9F1 /* ImageDownloadPresenter.swift */; };
		EC56CBF62C694D9C00D2E9F1 /* ImageDownloadScene.swift in Sources */ = {isa = PBXBuildFile; fileRef = EC56CBF52C694D9C00D2E9F1 /* ImageDownloadScene.swift */; };
		EC56CBF82C694E1300D2E9F1 /* ImageDownloadObserver.swift in Sources */ = {isa = PBXBuildFile; fileRef = EC56CBF72C694E1300D2E9F1 /* ImageDownloadObserver.swift */; };
/* End PBXBuildFile section */

/* Begin PBXContainerItemProxy section */
		EC2E69922C68C1DD00B1C729 /* PBXContainerItemProxy */ = {
			isa = PBXContainerItemProxy;
			containerPortal = EC2E69792C68C1DC00B1C729 /* Project object */;
			proxyType = 1;
			remoteGlobalIDString = EC2E69802C68C1DC00B1C729;
			remoteInfo = Tribe;
		};
/* End PBXContainerItemProxy section */

/* Begin PBXFileReference section */
		EC2E69812C68C1DC00B1C729 /* Tribe.app */ = {isa = PBXFileReference; explicitFileType = wrapper.application; includeInIndex = 0; path = Tribe.app; sourceTree = BUILT_PRODUCTS_DIR; };
		EC2E69842C68C1DC00B1C729 /* TribeApp.swift */ = {isa = PBXFileReference; lastKnownFileType = sourcecode.swift; path = TribeApp.swift; sourceTree = "<group>"; };
		EC2E69862C68C1DC00B1C729 /* ContentView.swift */ = {isa = PBXFileReference; lastKnownFileType = sourcecode.swift; path = ContentView.swift; sourceTree = "<group>"; };
		EC2E69882C68C1DD00B1C729 /* Assets.xcassets */ = {isa = PBXFileReference; lastKnownFileType = folder.assetcatalog; path = Assets.xcassets; sourceTree = "<group>"; };
		EC2E698B2C68C1DD00B1C729 /* Preview Assets.xcassets */ = {isa = PBXFileReference; lastKnownFileType = folder.assetcatalog; path = "Preview Assets.xcassets"; sourceTree = "<group>"; };
		EC2E69912C68C1DD00B1C729 /* TribeTests.xctest */ = {isa = PBXFileReference; explicitFileType = wrapper.cfbundle; includeInIndex = 0; path = TribeTests.xctest; sourceTree = BUILT_PRODUCTS_DIR; };
		EC2E69952C68C1DD00B1C729 /* TribeTests.swift */ = {isa = PBXFileReference; lastKnownFileType = sourcecode.swift; path = TribeTests.swift; sourceTree = "<group>"; };
		EC56CBEB2C6943CD00D2E9F1 /* LoadingView.swift */ = {isa = PBXFileReference; lastKnownFileType = sourcecode.swift; path = LoadingView.swift; sourceTree = "<group>"; };
		EC56CBED2C69464800D2E9F1 /* ImageView.swift */ = {isa = PBXFileReference; lastKnownFileType = sourcecode.swift; path = ImageView.swift; sourceTree = "<group>"; };
		EC56CBEF2C69487D00D2E9F1 /* DownloadFailedView.swift */ = {isa = PBXFileReference; lastKnownFileType = sourcecode.swift; path = DownloadFailedView.swift; sourceTree = "<group>"; };
		EC56CBF12C69497C00D2E9F1 /* ImageDownloadFeature.swift */ = {isa = PBXFileReference; lastKnownFileType = sourcecode.swift; path = ImageDownloadFeature.swift; sourceTree = "<group>"; };
		EC56CBF32C694A0E00D2E9F1 /* ImageDownloadPresenter.swift */ = {isa = PBXFileReference; lastKnownFileType = sourcecode.swift; path = ImageDownloadPresenter.swift; sourceTree = "<group>"; };
		EC56CBF52C694D9C00D2E9F1 /* ImageDownloadScene.swift */ = {isa = PBXFileReference; lastKnownFileType = sourcecode.swift; path = ImageDownloadScene.swift; sourceTree = "<group>"; };
		EC56CBF72C694E1300D2E9F1 /* ImageDownloadObserver.swift */ = {isa = PBXFileReference; lastKnownFileType = sourcecode.swift; path = ImageDownloadObserver.swift; sourceTree = "<group>"; };
/* End PBXFileReference section */

/* Begin PBXFrameworksBuildPhase section */
		EC2E697E2C68C1DC00B1C729 /* Frameworks */ = {
			isa = PBXFrameworksBuildPhase;
			buildActionMask = 2147483647;
			files = (
				EC56CBEA2C69433600D2E9F1 /* Lotus in Frameworks */,
			);
			runOnlyForDeploymentPostprocessing = 0;
		};
		EC2E698E2C68C1DD00B1C729 /* Frameworks */ = {
			isa = PBXFrameworksBuildPhase;
			buildActionMask = 2147483647;
			files = (
			);
			runOnlyForDeploymentPostprocessing = 0;
		};
/* End PBXFrameworksBuildPhase section */

/* Begin PBXGroup section */
		EC2E69782C68C1DC00B1C729 = {
			isa = PBXGroup;
			children = (
				EC2E69832C68C1DC00B1C729 /* Tribe */,
				EC2E69942C68C1DD00B1C729 /* TribeTests */,
				EC2E69822C68C1DC00B1C729 /* Products */,
			);
			sourceTree = "<group>";
		};
		EC2E69822C68C1DC00B1C729 /* Products */ = {
			isa = PBXGroup;
			children = (
				EC2E69812C68C1DC00B1C729 /* Tribe.app */,
				EC2E69912C68C1DD00B1C729 /* TribeTests.xctest */,
			);
			name = Products;
			sourceTree = "<group>";
		};
		EC2E69832C68C1DC00B1C729 /* Tribe */ = {
			isa = PBXGroup;
			children = (
				EC2E69842C68C1DC00B1C729 /* TribeApp.swift */,
				EC2E69862C68C1DC00B1C729 /* ContentView.swift */,
				EC2E69882C68C1DD00B1C729 /* Assets.xcassets */,
				EC2E698A2C68C1DD00B1C729 /* Preview Content */,
				EC56CBEB2C6943CD00D2E9F1 /* LoadingView.swift */,
				EC56CBED2C69464800D2E9F1 /* ImageView.swift */,
				EC56CBEF2C69487D00D2E9F1 /* DownloadFailedView.swift */,
				EC56CBF12C69497C00D2E9F1 /* ImageDownloadFeature.swift */,
				EC56CBF32C694A0E00D2E9F1 /* ImageDownloadPresenter.swift */,
				EC56CBF52C694D9C00D2E9F1 /* ImageDownloadScene.swift */,
				EC56CBF72C694E1300D2E9F1 /* ImageDownloadObserver.swift */,
			);
			path = Tribe;
			sourceTree = "<group>";
		};
		EC2E698A2C68C1DD00B1C729 /* Preview Content */ = {
			isa = PBXGroup;
			children = (
				EC2E698B2C68C1DD00B1C729 /* Preview Assets.xcassets */,
			);
			path = "Preview Content";
			sourceTree = "<group>";
		};
		EC2E69942C68C1DD00B1C729 /* TribeTests */ = {
			isa = PBXGroup;
			children = (
				EC2E69952C68C1DD00B1C729 /* TribeTests.swift */,
			);
			path = TribeTests;
			sourceTree = "<group>";
		};
/* End PBXGroup section */

/* Begin PBXNativeTarget section */
		EC2E69802C68C1DC00B1C729 /* Tribe */ = {
			isa = PBXNativeTarget;
			buildConfigurationList = EC2E69A52C68C1DD00B1C729 /* Build configuration list for PBXNativeTarget "Tribe" */;
			buildPhases = (
				EC2E697D2C68C1DC00B1C729 /* Sources */,
				EC2E697E2C68C1DC00B1C729 /* Frameworks */,
				EC2E697F2C68C1DC00B1C729 /* Resources */,
			);
			buildRules = (
			);
			dependencies = (
			);
			name = Tribe;
			packageProductDependencies = (
				EC56CBE92C69433600D2E9F1 /* Lotus */,
			);
			productName = Tribe;
			productReference = EC2E69812C68C1DC00B1C729 /* Tribe.app */;
			productType = "com.apple.product-type.application";
		};
		EC2E69902C68C1DD00B1C729 /* TribeTests */ = {
			isa = PBXNativeTarget;
			buildConfigurationList = EC2E69A82C68C1DD00B1C729 /* Build configuration list for PBXNativeTarget "TribeTests" */;
			buildPhases = (
				EC2E698D2C68C1DD00B1C729 /* Sources */,
				EC2E698E2C68C1DD00B1C729 /* Frameworks */,
				EC2E698F2C68C1DD00B1C729 /* Resources */,
			);
			buildRules = (
			);
			dependencies = (
				EC2E69932C68C1DD00B1C729 /* PBXTargetDependency */,
			);
			name = TribeTests;
			productName = TribeTests;
			productReference = EC2E69912C68C1DD00B1C729 /* TribeTests.xctest */;
			productType = "com.apple.product-type.bundle.unit-test";
		};
/* End PBXNativeTarget section */

/* Begin PBXProject section */
		EC2E69792C68C1DC00B1C729 /* Project object */ = {
			isa = PBXProject;
			attributes = {
				BuildIndependentTargetsInParallel = 1;
				LastSwiftUpdateCheck = 1500;
				LastUpgradeCheck = 1500;
				TargetAttributes = {
					EC2E69802C68C1DC00B1C729 = {
						CreatedOnToolsVersion = 15.0.1;
					};
					EC2E69902C68C1DD00B1C729 = {
						CreatedOnToolsVersion = 15.0.1;
						TestTargetID = EC2E69802C68C1DC00B1C729;
					};
				};
			};
			buildConfigurationList = EC2E697C2C68C1DC00B1C729 /* Build configuration list for PBXProject "Tribe" */;
			compatibilityVersion = "Xcode 14.0";
			developmentRegion = en;
			hasScannedForEncodings = 0;
			knownRegions = (
				en,
				Base,
			);
			mainGroup = EC2E69782C68C1DC00B1C729;
			packageReferences = (
				EC2E69B02C68C69600B1C729 /* XCRemoteSwiftPackageReference "Lotus" */,
			);
			productRefGroup = EC2E69822C68C1DC00B1C729 /* Products */;
			projectDirPath = "";
			projectRoot = "";
			targets = (
				EC2E69802C68C1DC00B1C729 /* Tribe */,
				EC2E69902C68C1DD00B1C729 /* TribeTests */,
			);
		};
/* End PBXProject section */

/* Begin PBXResourcesBuildPhase section */
		EC2E697F2C68C1DC00B1C729 /* Resources */ = {
			isa = PBXResourcesBuildPhase;
			buildActionMask = 2147483647;
			files = (
				EC2E698C2C68C1DD00B1C729 /* Preview Assets.xcassets in Resources */,
				EC2E69892C68C1DD00B1C729 /* Assets.xcassets in Resources */,
			);
			runOnlyForDeploymentPostprocessing = 0;
		};
		EC2E698F2C68C1DD00B1C729 /* Resources */ = {
			isa = PBXResourcesBuildPhase;
			buildActionMask = 2147483647;
			files = (
			);
			runOnlyForDeploymentPostprocessing = 0;
		};
/* End PBXResourcesBuildPhase section */

/* Begin PBXSourcesBuildPhase section */
		EC2E697D2C68C1DC00B1C729 /* Sources */ = {
			isa = PBXSourcesBuildPhase;
			buildActionMask = 2147483647;
			files = (
				EC56CBEE2C69464800D2E9F1 /* ImageView.swift in Sources */,
				EC56CBF82C694E1300D2E9F1 /* ImageDownloadObserver.swift in Sources */,
				EC2E69872C68C1DC00B1C729 /* ContentView.swift in Sources */,
				EC56CBF42C694A0E00D2E9F1 /* ImageDownloadPresenter.swift in Sources */,
				EC56CBF02C69487D00D2E9F1 /* DownloadFailedView.swift in Sources */,
				EC56CBF62C694D9C00D2E9F1 /* ImageDownloadScene.swift in Sources */,
				EC2E69852C68C1DC00B1C729 /* TribeApp.swift in Sources */,
				EC56CBF22C69497C00D2E9F1 /* ImageDownloadFeature.swift in Sources */,
				EC56CBEC2C6943CD00D2E9F1 /* LoadingView.swift in Sources */,
			);
			runOnlyForDeploymentPostprocessing = 0;
		};
		EC2E698D2C68C1DD00B1C729 /* Sources */ = {
			isa = PBXSourcesBuildPhase;
			buildActionMask = 2147483647;
			files = (
				EC2E69962C68C1DD00B1C729 /* TribeTests.swift in Sources */,
			);
			runOnlyForDeploymentPostprocessing = 0;
		};
/* End PBXSourcesBuildPhase section */

/* Begin PBXTargetDependency section */
		EC2E69932C68C1DD00B1C729 /* PBXTargetDependency */ = {
			isa = PBXTargetDependency;
			target = EC2E69802C68C1DC00B1C729 /* Tribe */;
			targetProxy = EC2E69922C68C1DD00B1C729 /* PBXContainerItemProxy */;
		};
/* End PBXTargetDependency section */

/* Begin XCBuildConfiguration section */
		EC2E69A32C68C1DD00B1C729 /* Debug */ = {
			isa = XCBuildConfiguration;
			buildSettings = {
				ALWAYS_SEARCH_USER_PATHS = NO;
				ASSETCATALOG_COMPILER_GENERATE_SWIFT_ASSET_SYMBOL_EXTENSIONS = YES;
				CLANG_ANALYZER_NONNULL = YES;
				CLANG_ANALYZER_NUMBER_OBJECT_CONVERSION = YES_AGGRESSIVE;
				CLANG_CXX_LANGUAGE_STANDARD = "gnu++20";
				CLANG_ENABLE_MODULES = YES;
				CLANG_ENABLE_OBJC_ARC = YES;
				CLANG_ENABLE_OBJC_WEAK = YES;
				CLANG_WARN_BLOCK_CAPTURE_AUTORELEASING = YES;
				CLANG_WARN_BOOL_CONVERSION = YES;
				CLANG_WARN_COMMA = YES;
				CLANG_WARN_CONSTANT_CONVERSION = YES;
				CLANG_WARN_DEPRECATED_OBJC_IMPLEMENTATIONS = YES;
				CLANG_WARN_DIRECT_OBJC_ISA_USAGE = YES_ERROR;
				CLANG_WARN_DOCUMENTATION_COMMENTS = YES;
				CLANG_WARN_EMPTY_BODY = YES;
				CLANG_WARN_ENUM_CONVERSION = YES;
				CLANG_WARN_INFINITE_RECURSION = YES;
				CLANG_WARN_INT_CONVERSION = YES;
				CLANG_WARN_NON_LITERAL_NULL_CONVERSION = YES;
				CLANG_WARN_OBJC_IMPLICIT_RETAIN_SELF = YES;
				CLANG_WARN_OBJC_LITERAL_CONVERSION = YES;
				CLANG_WARN_OBJC_ROOT_CLASS = YES_ERROR;
				CLANG_WARN_QUOTED_INCLUDE_IN_FRAMEWORK_HEADER = YES;
				CLANG_WARN_RANGE_LOOP_ANALYSIS = YES;
				CLANG_WARN_STRICT_PROTOTYPES = YES;
				CLANG_WARN_SUSPICIOUS_MOVE = YES;
				CLANG_WARN_UNGUARDED_AVAILABILITY = YES_AGGRESSIVE;
				CLANG_WARN_UNREACHABLE_CODE = YES;
				CLANG_WARN__DUPLICATE_METHOD_MATCH = YES;
				COPY_PHASE_STRIP = NO;
				DEBUG_INFORMATION_FORMAT = dwarf;
				ENABLE_STRICT_OBJC_MSGSEND = YES;
				ENABLE_TESTABILITY = YES;
				ENABLE_USER_SCRIPT_SANDBOXING = YES;
				GCC_C_LANGUAGE_STANDARD = gnu17;
				GCC_DYNAMIC_NO_PIC = NO;
				GCC_NO_COMMON_BLOCKS = YES;
				GCC_OPTIMIZATION_LEVEL = 0;
				GCC_PREPROCESSOR_DEFINITIONS = (
					"DEBUG=1",
					"$(inherited)",
				);
				GCC_WARN_64_TO_32_BIT_CONVERSION = YES;
				GCC_WARN_ABOUT_RETURN_TYPE = YES_ERROR;
				GCC_WARN_UNDECLARED_SELECTOR = YES;
				GCC_WARN_UNINITIALIZED_AUTOS = YES_AGGRESSIVE;
				GCC_WARN_UNUSED_FUNCTION = YES;
				GCC_WARN_UNUSED_VARIABLE = YES;
				IPHONEOS_DEPLOYMENT_TARGET = 17.0;
				LOCALIZATION_PREFERS_STRING_CATALOGS = YES;
				MTL_ENABLE_DEBUG_INFO = INCLUDE_SOURCE;
				MTL_FAST_MATH = YES;
				ONLY_ACTIVE_ARCH = YES;
				SDKROOT = iphoneos;
				SWIFT_ACTIVE_COMPILATION_CONDITIONS = "DEBUG $(inherited)";
				SWIFT_OPTIMIZATION_LEVEL = "-Onone";
			};
			name = Debug;
		};
		EC2E69A42C68C1DD00B1C729 /* Release */ = {
			isa = XCBuildConfiguration;
			buildSettings = {
				ALWAYS_SEARCH_USER_PATHS = NO;
				ASSETCATALOG_COMPILER_GENERATE_SWIFT_ASSET_SYMBOL_EXTENSIONS = YES;
				CLANG_ANALYZER_NONNULL = YES;
				CLANG_ANALYZER_NUMBER_OBJECT_CONVERSION = YES_AGGRESSIVE;
				CLANG_CXX_LANGUAGE_STANDARD = "gnu++20";
				CLANG_ENABLE_MODULES = YES;
				CLANG_ENABLE_OBJC_ARC = YES;
				CLANG_ENABLE_OBJC_WEAK = YES;
				CLANG_WARN_BLOCK_CAPTURE_AUTORELEASING = YES;
				CLANG_WARN_BOOL_CONVERSION = YES;
				CLANG_WARN_COMMA = YES;
				CLANG_WARN_CONSTANT_CONVERSION = YES;
				CLANG_WARN_DEPRECATED_OBJC_IMPLEMENTATIONS = YES;
				CLANG_WARN_DIRECT_OBJC_ISA_USAGE = YES_ERROR;
				CLANG_WARN_DOCUMENTATION_COMMENTS = YES;
				CLANG_WARN_EMPTY_BODY = YES;
				CLANG_WARN_ENUM_CONVERSION = YES;
				CLANG_WARN_INFINITE_RECURSION = YES;
				CLANG_WARN_INT_CONVERSION = YES;
				CLANG_WARN_NON_LITERAL_NULL_CONVERSION = YES;
				CLANG_WARN_OBJC_IMPLICIT_RETAIN_SELF = YES;
				CLANG_WARN_OBJC_LITERAL_CONVERSION = YES;
				CLANG_WARN_OBJC_ROOT_CLASS = YES_ERROR;
				CLANG_WARN_QUOTED_INCLUDE_IN_FRAMEWORK_HEADER = YES;
				CLANG_WARN_RANGE_LOOP_ANALYSIS = YES;
				CLANG_WARN_STRICT_PROTOTYPES = YES;
				CLANG_WARN_SUSPICIOUS_MOVE = YES;
				CLANG_WARN_UNGUARDED_AVAILABILITY = YES_AGGRESSIVE;
				CLANG_WARN_UNREACHABLE_CODE = YES;
				CLANG_WARN__DUPLICATE_METHOD_MATCH = YES;
				COPY_PHASE_STRIP = NO;
				DEBUG_INFORMATION_FORMAT = "dwarf-with-dsym";
				ENABLE_NS_ASSERTIONS = NO;
				ENABLE_STRICT_OBJC_MSGSEND = YES;
				ENABLE_USER_SCRIPT_SANDBOXING = YES;
				GCC_C_LANGUAGE_STANDARD = gnu17;
				GCC_NO_COMMON_BLOCKS = YES;
				GCC_WARN_64_TO_32_BIT_CONVERSION = YES;
				GCC_WARN_ABOUT_RETURN_TYPE = YES_ERROR;
				GCC_WARN_UNDECLARED_SELECTOR = YES;
				GCC_WARN_UNINITIALIZED_AUTOS = YES_AGGRESSIVE;
				GCC_WARN_UNUSED_FUNCTION = YES;
				GCC_WARN_UNUSED_VARIABLE = YES;
				IPHONEOS_DEPLOYMENT_TARGET = 17.0;
				LOCALIZATION_PREFERS_STRING_CATALOGS = YES;
				MTL_ENABLE_DEBUG_INFO = NO;
				MTL_FAST_MATH = YES;
				SDKROOT = iphoneos;
				SWIFT_COMPILATION_MODE = wholemodule;
				VALIDATE_PRODUCT = YES;
			};
			name = Release;
		};
		EC2E69A62C68C1DD00B1C729 /* Debug */ = {
			isa = XCBuildConfiguration;
			buildSettings = {
				ASSETCATALOG_COMPILER_APPICON_NAME = AppIcon;
				ASSETCATALOG_COMPILER_GLOBAL_ACCENT_COLOR_NAME = AccentColor;
				CODE_SIGN_STYLE = Automatic;
				CURRENT_PROJECT_VERSION = 1;
				DEVELOPMENT_ASSET_PATHS = "\"Tribe/Preview Content\"";
				DEVELOPMENT_TEAM = 3SNY4A7B39;
				ENABLE_PREVIEWS = YES;
				GENERATE_INFOPLIST_FILE = YES;
				INFOPLIST_KEY_UIApplicationSceneManifest_Generation = YES;
				INFOPLIST_KEY_UIApplicationSupportsIndirectInputEvents = YES;
				INFOPLIST_KEY_UILaunchScreen_Generation = YES;
				INFOPLIST_KEY_UISupportedInterfaceOrientations_iPad = "UIInterfaceOrientationPortrait UIInterfaceOrientationPortraitUpsideDown UIInterfaceOrientationLandscapeLeft UIInterfaceOrientationLandscapeRight";
				INFOPLIST_KEY_UISupportedInterfaceOrientations_iPhone = "UIInterfaceOrientationPortrait UIInterfaceOrientationLandscapeLeft UIInterfaceOrientationLandscapeRight";
				LD_RUNPATH_SEARCH_PATHS = (
					"$(inherited)",
					"@executable_path/Frameworks",
				);
				MARKETING_VERSION = 1.0;
				PRODUCT_BUNDLE_IDENTIFIER = com.Vini.Tribe;
				PRODUCT_NAME = "$(TARGET_NAME)";
				SWIFT_EMIT_LOC_STRINGS = YES;
				SWIFT_VERSION = 5.0;
				TARGETED_DEVICE_FAMILY = "1,2";
			};
			name = Debug;
		};
		EC2E69A72C68C1DD00B1C729 /* Release */ = {
			isa = XCBuildConfiguration;
			buildSettings = {
				ASSETCATALOG_COMPILER_APPICON_NAME = AppIcon;
				ASSETCATALOG_COMPILER_GLOBAL_ACCENT_COLOR_NAME = AccentColor;
				CODE_SIGN_STYLE = Automatic;
				CURRENT_PROJECT_VERSION = 1;
				DEVELOPMENT_ASSET_PATHS = "\"Tribe/Preview Content\"";
				DEVELOPMENT_TEAM = 3SNY4A7B39;
				ENABLE_PREVIEWS = YES;
				GENERATE_INFOPLIST_FILE = YES;
				INFOPLIST_KEY_UIApplicationSceneManifest_Generation = YES;
				INFOPLIST_KEY_UIApplicationSupportsIndirectInputEvents = YES;
				INFOPLIST_KEY_UILaunchScreen_Generation = YES;
				INFOPLIST_KEY_UISupportedInterfaceOrientations_iPad = "UIInterfaceOrientationPortrait UIInterfaceOrientationPortraitUpsideDown UIInterfaceOrientationLandscapeLeft UIInterfaceOrientationLandscapeRight";
				INFOPLIST_KEY_UISupportedInterfaceOrientations_iPhone = "UIInterfaceOrientationPortrait UIInterfaceOrientationLandscapeLeft UIInterfaceOrientationLandscapeRight";
				LD_RUNPATH_SEARCH_PATHS = (
					"$(inherited)",
					"@executable_path/Frameworks",
				);
				MARKETING_VERSION = 1.0;
				PRODUCT_BUNDLE_IDENTIFIER = com.Vini.Tribe;
				PRODUCT_NAME = "$(TARGET_NAME)";
				SWIFT_EMIT_LOC_STRINGS = YES;
				SWIFT_VERSION = 5.0;
				TARGETED_DEVICE_FAMILY = "1,2";
			};
			name = Release;
		};
		EC2E69A92C68C1DD00B1C729 /* Debug */ = {
			isa = XCBuildConfiguration;
			buildSettings = {
				ALWAYS_EMBED_SWIFT_STANDARD_LIBRARIES = YES;
				BUNDLE_LOADER = "$(TEST_HOST)";
				CODE_SIGN_STYLE = Automatic;
				CURRENT_PROJECT_VERSION = 1;
				DEVELOPMENT_TEAM = 3SNY4A7B39;
				GENERATE_INFOPLIST_FILE = YES;
				IPHONEOS_DEPLOYMENT_TARGET = 17.0;
				MARKETING_VERSION = 1.0;
				PRODUCT_BUNDLE_IDENTIFIER = com.Vini.TribeTests;
				PRODUCT_NAME = "$(TARGET_NAME)";
				SWIFT_EMIT_LOC_STRINGS = NO;
				SWIFT_VERSION = 5.0;
				TARGETED_DEVICE_FAMILY = "1,2";
				TEST_HOST = "$(BUILT_PRODUCTS_DIR)/Tribe.app/$(BUNDLE_EXECUTABLE_FOLDER_PATH)/Tribe";
			};
			name = Debug;
		};
		EC2E69AA2C68C1DD00B1C729 /* Release */ = {
			isa = XCBuildConfiguration;
			buildSettings = {
				ALWAYS_EMBED_SWIFT_STANDARD_LIBRARIES = YES;
				BUNDLE_LOADER = "$(TEST_HOST)";
				CODE_SIGN_STYLE = Automatic;
				CURRENT_PROJECT_VERSION = 1;
				DEVELOPMENT_TEAM = 3SNY4A7B39;
				GENERATE_INFOPLIST_FILE = YES;
				IPHONEOS_DEPLOYMENT_TARGET = 17.0;
				MARKETING_VERSION = 1.0;
				PRODUCT_BUNDLE_IDENTIFIER = com.Vini.TribeTests;
				PRODUCT_NAME = "$(TARGET_NAME)";
				SWIFT_EMIT_LOC_STRINGS = NO;
				SWIFT_VERSION = 5.0;
				TARGETED_DEVICE_FAMILY = "1,2";
				TEST_HOST = "$(BUILT_PRODUCTS_DIR)/Tribe.app/$(BUNDLE_EXECUTABLE_FOLDER_PATH)/Tribe";
			};
			name = Release;
		};
/* End XCBuildConfiguration section */

/* Begin XCConfigurationList section */
		EC2E697C2C68C1DC00B1C729 /* Build configuration list for PBXProject "Tribe" */ = {
			isa = XCConfigurationList;
			buildConfigurations = (
				EC2E69A32C68C1DD00B1C729 /* Debug */,
				EC2E69A42C68C1DD00B1C729 /* Release */,
			);
			defaultConfigurationIsVisible = 0;
			defaultConfigurationName = Release;
		};
		EC2E69A52C68C1DD00B1C729 /* Build configuration list for PBXNativeTarget "Tribe" */ = {
			isa = XCConfigurationList;
			buildConfigurations = (
				EC2E69A62C68C1DD00B1C729 /* Debug */,
				EC2E69A72C68C1DD00B1C729 /* Release */,
			);
			defaultConfigurationIsVisible = 0;
			defaultConfigurationName = Release;
		};
		EC2E69A82C68C1DD00B1C729 /* Build configuration list for PBXNativeTarget "TribeTests" */ = {
			isa = XCConfigurationList;
			buildConfigurations = (
				EC2E69A92C68C1DD00B1C729 /* Debug */,
				EC2E69AA2C68C1DD00B1C729 /* Release */,
			);
			defaultConfigurationIsVisible = 0;
			defaultConfigurationName = Release;
		};
/* End XCConfigurationList section */

/* Begin XCRemoteSwiftPackageReference section */
		EC2E69B02C68C69600B1C729 /* XCRemoteSwiftPackageReference "Lotus" */ = {
			isa = XCRemoteSwiftPackageReference;
			repositoryURL = "git@github.com:viniciusml/Lotus.git";
			requirement = {
				kind = exactVersion;
				version = 1.1.0;
			};
		};
/* End XCRemoteSwiftPackageReference section */

/* Begin XCSwiftPackageProductDependency section */
		EC56CBE92C69433600D2E9F1 /* Lotus */ = {
			isa = XCSwiftPackageProductDependency;
			package = EC2E69B02C68C69600B1C729 /* XCRemoteSwiftPackageReference "Lotus" */;
			productName = Lotus;
		};
/* End XCSwiftPackageProductDependency section */
	};
	rootObject = EC2E69792C68C1DC00B1C729 /* Project object */;
}
